// !$*UTF8*$!
{
	archiveVersion = 1;
	classes = {
	};
	objectVersion = 46;
	objects = {

/* Begin PBXBuildFile section */
		E21272EF1D89AADB007A34A6 /* BuildingsViewController.swift in Sources */ = {isa = PBXBuildFile; fileRef = E21272EE1D89AADA007A34A6 /* BuildingsViewController.swift */; };
		E21272F11D89AB77007A34A6 /* ThreeLabelsDisplayable.swift in Sources */ = {isa = PBXBuildFile; fileRef = E21272F01D89AB77007A34A6 /* ThreeLabelsDisplayable.swift */; };
		E21272F31D89ACDB007A34A6 /* ThreeLabelsTableViewCell.swift in Sources */ = {isa = PBXBuildFile; fileRef = E21272F21D89ACDB007A34A6 /* ThreeLabelsTableViewCell.swift */; };
		E21272F51D89B186007A34A6 /* BuildingsSearchTableViewCell.swift in Sources */ = {isa = PBXBuildFile; fileRef = E21272F41D89B186007A34A6 /* BuildingsSearchTableViewCell.swift */; };
		E223115A1D8830400080C459 /* LoginViewControllerTest.swift in Sources */ = {isa = PBXBuildFile; fileRef = E22311591D8830400080C459 /* LoginViewControllerTest.swift */; };
		E237A5211D9275B600CF5FDF /* NetworkError.swift in Sources */ = {isa = PBXBuildFile; fileRef = E237A5201D9275B600CF5FDF /* NetworkError.swift */; };
		E237A5241D92D1C600CF5FDF /* Parsable.swift in Sources */ = {isa = PBXBuildFile; fileRef = E237A5231D92D1C600CF5FDF /* Parsable.swift */; };
		E261E81E1D895E0C0068D482 /* LoadingButtonTest.swift in Sources */ = {isa = PBXBuildFile; fileRef = E261E81D1D895E0C0068D482 /* LoadingButtonTest.swift */; };
		E27875FE1D8AE5260088A01B /* BuildingsViewControllerTest.swift in Sources */ = {isa = PBXBuildFile; fileRef = E27875FD1D8AE5260088A01B /* BuildingsViewControllerTest.swift */; };
		E27F2C0B1D891D1C00CE0578 /* LoadingButton.xib in Resources */ = {isa = PBXBuildFile; fileRef = E27F2C0A1D891D1C00CE0578 /* LoadingButton.xib */; };
		E27F2C0D1D891EC600CE0578 /* LoadingButton.swift in Sources */ = {isa = PBXBuildFile; fileRef = E27F2C0C1D891EC600CE0578 /* LoadingButton.swift */; };
		E2AB58471D9027BD00085FB5 /* Operation.swift in Sources */ = {isa = PBXBuildFile; fileRef = E2AB58461D9027BD00085FB5 /* Operation.swift */; };
		E2AB584A1D9036A200085FB5 /* OperationCondition.swift in Sources */ = {isa = PBXBuildFile; fileRef = E2AB58491D9036A200085FB5 /* OperationCondition.swift */; };
		E2AB584C1D903A8600085FB5 /* OperationErrors.swift in Sources */ = {isa = PBXBuildFile; fileRef = E2AB584B1D903A8600085FB5 /* OperationErrors.swift */; };
		E2AB584E1D903D0D00085FB5 /* OperationObserver.swift in Sources */ = {isa = PBXBuildFile; fileRef = E2AB584D1D903D0D00085FB5 /* OperationObserver.swift */; };
		E2AB58501D90415500085FB5 /* URLSessionTaskOperation.swift in Sources */ = {isa = PBXBuildFile; fileRef = E2AB584F1D90415500085FB5 /* URLSessionTaskOperation.swift */; };
		E2AB58521D90440400085FB5 /* OperationQueue.swift in Sources */ = {isa = PBXBuildFile; fileRef = E2AB58511D90440400085FB5 /* OperationQueue.swift */; };
		E2AB58541D90451200085FB5 /* BlockObserver.swift in Sources */ = {isa = PBXBuildFile; fileRef = E2AB58531D90451200085FB5 /* BlockObserver.swift */; };
		E2AB58561D90498100085FB5 /* MutuallyExclusive.swift in Sources */ = {isa = PBXBuildFile; fileRef = E2AB58551D90498100085FB5 /* MutuallyExclusive.swift */; };
		E2AB58581D904A9600085FB5 /* ExclusivityController.swift in Sources */ = {isa = PBXBuildFile; fileRef = E2AB58571D904A9600085FB5 /* ExclusivityController.swift */; };
		E2AB585B1D9076EC00085FB5 /* GroupOperation.swift in Sources */ = {isa = PBXBuildFile; fileRef = E2AB585A1D9076EC00085FB5 /* GroupOperation.swift */; };
		E2AB585D1D9080C100085FB5 /* CLIPSRequest.swift in Sources */ = {isa = PBXBuildFile; fileRef = E2AB585C1D9080C100085FB5 /* CLIPSRequest.swift */; };
		E2AB585F1D91787300085FB5 /* RequestOperationTest.swift in Sources */ = {isa = PBXBuildFile; fileRef = E2AB585E1D91787300085FB5 /* RequestOperationTest.swift */; };
		E2AB58611D9183C400085FB5 /* Building.swift in Sources */ = {isa = PBXBuildFile; fileRef = E2AB58601D9183C400085FB5 /* Building.swift */; };
		E2D93BDD1D87EA8F00D50172 /* AppDelegate.swift in Sources */ = {isa = PBXBuildFile; fileRef = E2D93BDC1D87EA8F00D50172 /* AppDelegate.swift */; };
		E2D93BE41D87EA8F00D50172 /* Main.storyboard in Resources */ = {isa = PBXBuildFile; fileRef = E2D93BE21D87EA8F00D50172 /* Main.storyboard */; };
		E2D93BE61D87EA8F00D50172 /* Assets.xcassets in Resources */ = {isa = PBXBuildFile; fileRef = E2D93BE51D87EA8F00D50172 /* Assets.xcassets */; };
		E2D93BE91D87EA8F00D50172 /* LaunchScreen.storyboard in Resources */ = {isa = PBXBuildFile; fileRef = E2D93BE71D87EA8F00D50172 /* LaunchScreen.storyboard */; };
		E2D93BF41D87EA8F00D50172 /* CLIPSTests.swift in Sources */ = {isa = PBXBuildFile; fileRef = E2D93BF31D87EA8F00D50172 /* CLIPSTests.swift */; };
		E2D93BFF1D87EA9000D50172 /* CLIPSUITests.swift in Sources */ = {isa = PBXBuildFile; fileRef = E2D93BFE1D87EA9000D50172 /* CLIPSUITests.swift */; };
		E2D93C0D1D87EBD900D50172 /* URLRequestTest.swift in Sources */ = {isa = PBXBuildFile; fileRef = E2D93C0C1D87EBD900D50172 /* URLRequestTest.swift */; };
		E2D93C0F1D87EBFC00D50172 /* URLRequest.swift in Sources */ = {isa = PBXBuildFile; fileRef = E2D93C0E1D87EBFC00D50172 /* URLRequest.swift */; };
		E2D93C121D87EE8100D50172 /* LoginViewController.swift in Sources */ = {isa = PBXBuildFile; fileRef = E2D93C111D87EE8100D50172 /* LoginViewController.swift */; };
/* End PBXBuildFile section */

/* Begin PBXContainerItemProxy section */
		E2D93BF01D87EA8F00D50172 /* PBXContainerItemProxy */ = {
			isa = PBXContainerItemProxy;
			containerPortal = E2D93BD11D87EA8F00D50172 /* Project object */;
			proxyType = 1;
			remoteGlobalIDString = E2D93BD81D87EA8F00D50172;
			remoteInfo = CLIPS;
		};
		E2D93BFB1D87EA9000D50172 /* PBXContainerItemProxy */ = {
			isa = PBXContainerItemProxy;
			containerPortal = E2D93BD11D87EA8F00D50172 /* Project object */;
			proxyType = 1;
			remoteGlobalIDString = E2D93BD81D87EA8F00D50172;
			remoteInfo = CLIPS;
		};
/* End PBXContainerItemProxy section */

/* Begin PBXFileReference section */
		E21272EE1D89AADA007A34A6 /* BuildingsViewController.swift */ = {isa = PBXFileReference; fileEncoding = 4; lastKnownFileType = sourcecode.swift; path = BuildingsViewController.swift; sourceTree = "<group>"; };
		E21272F01D89AB77007A34A6 /* ThreeLabelsDisplayable.swift */ = {isa = PBXFileReference; fileEncoding = 4; lastKnownFileType = sourcecode.swift; path = ThreeLabelsDisplayable.swift; sourceTree = "<group>"; };
		E21272F21D89ACDB007A34A6 /* ThreeLabelsTableViewCell.swift */ = {isa = PBXFileReference; fileEncoding = 4; lastKnownFileType = sourcecode.swift; path = ThreeLabelsTableViewCell.swift; sourceTree = "<group>"; };
		E21272F41D89B186007A34A6 /* BuildingsSearchTableViewCell.swift */ = {isa = PBXFileReference; fileEncoding = 4; lastKnownFileType = sourcecode.swift; path = BuildingsSearchTableViewCell.swift; sourceTree = "<group>"; };
		E22311591D8830400080C459 /* LoginViewControllerTest.swift */ = {isa = PBXFileReference; fileEncoding = 4; lastKnownFileType = sourcecode.swift; path = LoginViewControllerTest.swift; sourceTree = "<group>"; };
		E237A5201D9275B600CF5FDF /* NetworkError.swift */ = {isa = PBXFileReference; fileEncoding = 4; lastKnownFileType = sourcecode.swift; path = NetworkError.swift; sourceTree = "<group>"; };
		E237A5231D92D1C600CF5FDF /* Parsable.swift */ = {isa = PBXFileReference; fileEncoding = 4; lastKnownFileType = sourcecode.swift; path = Parsable.swift; sourceTree = "<group>"; };
		E261E81D1D895E0C0068D482 /* LoadingButtonTest.swift */ = {isa = PBXFileReference; fileEncoding = 4; lastKnownFileType = sourcecode.swift; path = LoadingButtonTest.swift; sourceTree = "<group>"; };
		E27875FD1D8AE5260088A01B /* BuildingsViewControllerTest.swift */ = {isa = PBXFileReference; fileEncoding = 4; lastKnownFileType = sourcecode.swift; path = BuildingsViewControllerTest.swift; sourceTree = "<group>"; };
		E27875FF1D8B01E70088A01B /* Operations */ = {isa = PBXFileReference; lastKnownFileType = folder; path = Operations; sourceTree = "<group>"; };
		E27F2C0A1D891D1C00CE0578 /* LoadingButton.xib */ = {isa = PBXFileReference; fileEncoding = 4; lastKnownFileType = file.xib; path = LoadingButton.xib; sourceTree = "<group>"; };
		E27F2C0C1D891EC600CE0578 /* LoadingButton.swift */ = {isa = PBXFileReference; fileEncoding = 4; lastKnownFileType = sourcecode.swift; path = LoadingButton.swift; sourceTree = "<group>"; };
		E2AB58461D9027BD00085FB5 /* Operation.swift */ = {isa = PBXFileReference; fileEncoding = 4; lastKnownFileType = sourcecode.swift; path = Operation.swift; sourceTree = "<group>"; };
		E2AB58491D9036A200085FB5 /* OperationCondition.swift */ = {isa = PBXFileReference; fileEncoding = 4; lastKnownFileType = sourcecode.swift; path = OperationCondition.swift; sourceTree = "<group>"; };
		E2AB584B1D903A8600085FB5 /* OperationErrors.swift */ = {isa = PBXFileReference; fileEncoding = 4; lastKnownFileType = sourcecode.swift; path = OperationErrors.swift; sourceTree = "<group>"; };
		E2AB584D1D903D0D00085FB5 /* OperationObserver.swift */ = {isa = PBXFileReference; fileEncoding = 4; lastKnownFileType = sourcecode.swift; path = OperationObserver.swift; sourceTree = "<group>"; };
		E2AB584F1D90415500085FB5 /* URLSessionTaskOperation.swift */ = {isa = PBXFileReference; fileEncoding = 4; lastKnownFileType = sourcecode.swift; path = URLSessionTaskOperation.swift; sourceTree = "<group>"; };
		E2AB58511D90440400085FB5 /* OperationQueue.swift */ = {isa = PBXFileReference; fileEncoding = 4; lastKnownFileType = sourcecode.swift; path = OperationQueue.swift; sourceTree = "<group>"; };
		E2AB58531D90451200085FB5 /* BlockObserver.swift */ = {isa = PBXFileReference; fileEncoding = 4; lastKnownFileType = sourcecode.swift; path = BlockObserver.swift; sourceTree = "<group>"; };
		E2AB58551D90498100085FB5 /* MutuallyExclusive.swift */ = {isa = PBXFileReference; fileEncoding = 4; lastKnownFileType = sourcecode.swift; path = MutuallyExclusive.swift; sourceTree = "<group>"; };
		E2AB58571D904A9600085FB5 /* ExclusivityController.swift */ = {isa = PBXFileReference; fileEncoding = 4; lastKnownFileType = sourcecode.swift; path = ExclusivityController.swift; sourceTree = "<group>"; };
		E2AB585A1D9076EC00085FB5 /* GroupOperation.swift */ = {isa = PBXFileReference; fileEncoding = 4; lastKnownFileType = sourcecode.swift; path = GroupOperation.swift; sourceTree = "<group>"; };
		E2AB585C1D9080C100085FB5 /* CLIPSRequest.swift */ = {isa = PBXFileReference; fileEncoding = 4; lastKnownFileType = sourcecode.swift; path = CLIPSRequest.swift; sourceTree = "<group>"; };
		E2AB585E1D91787300085FB5 /* RequestOperationTest.swift */ = {isa = PBXFileReference; fileEncoding = 4; lastKnownFileType = sourcecode.swift; path = RequestOperationTest.swift; sourceTree = "<group>"; };
		E2AB58601D9183C400085FB5 /* Building.swift */ = {isa = PBXFileReference; fileEncoding = 4; lastKnownFileType = sourcecode.swift; path = Building.swift; sourceTree = "<group>"; };
		E2D93BD91D87EA8F00D50172 /* CLIPS.app */ = {isa = PBXFileReference; explicitFileType = wrapper.application; includeInIndex = 0; path = CLIPS.app; sourceTree = BUILT_PRODUCTS_DIR; };
		E2D93BDC1D87EA8F00D50172 /* AppDelegate.swift */ = {isa = PBXFileReference; lastKnownFileType = sourcecode.swift; path = AppDelegate.swift; sourceTree = "<group>"; };
		E2D93BE31D87EA8F00D50172 /* Base */ = {isa = PBXFileReference; lastKnownFileType = file.storyboard; name = Base; path = Base.lproj/Main.storyboard; sourceTree = "<group>"; };
		E2D93BE51D87EA8F00D50172 /* Assets.xcassets */ = {isa = PBXFileReference; lastKnownFileType = folder.assetcatalog; path = Assets.xcassets; sourceTree = "<group>"; };
		E2D93BE81D87EA8F00D50172 /* Base */ = {isa = PBXFileReference; lastKnownFileType = file.storyboard; name = Base; path = Base.lproj/LaunchScreen.storyboard; sourceTree = "<group>"; };
		E2D93BEA1D87EA8F00D50172 /* Info.plist */ = {isa = PBXFileReference; lastKnownFileType = text.plist.xml; path = Info.plist; sourceTree = "<group>"; };
		E2D93BEF1D87EA8F00D50172 /* CLIPSTests.xctest */ = {isa = PBXFileReference; explicitFileType = wrapper.cfbundle; includeInIndex = 0; path = CLIPSTests.xctest; sourceTree = BUILT_PRODUCTS_DIR; };
		E2D93BF31D87EA8F00D50172 /* CLIPSTests.swift */ = {isa = PBXFileReference; lastKnownFileType = sourcecode.swift; path = CLIPSTests.swift; sourceTree = "<group>"; };
		E2D93BF51D87EA9000D50172 /* Info.plist */ = {isa = PBXFileReference; lastKnownFileType = text.plist.xml; path = Info.plist; sourceTree = "<group>"; };
		E2D93BFA1D87EA9000D50172 /* CLIPSUITests.xctest */ = {isa = PBXFileReference; explicitFileType = wrapper.cfbundle; includeInIndex = 0; path = CLIPSUITests.xctest; sourceTree = BUILT_PRODUCTS_DIR; };
		E2D93BFE1D87EA9000D50172 /* CLIPSUITests.swift */ = {isa = PBXFileReference; lastKnownFileType = sourcecode.swift; path = CLIPSUITests.swift; sourceTree = "<group>"; };
		E2D93C001D87EA9000D50172 /* Info.plist */ = {isa = PBXFileReference; lastKnownFileType = text.plist.xml; path = Info.plist; sourceTree = "<group>"; };
		E2D93C0C1D87EBD900D50172 /* URLRequestTest.swift */ = {isa = PBXFileReference; fileEncoding = 4; lastKnownFileType = sourcecode.swift; path = URLRequestTest.swift; sourceTree = "<group>"; };
		E2D93C0E1D87EBFC00D50172 /* URLRequest.swift */ = {isa = PBXFileReference; fileEncoding = 4; lastKnownFileType = sourcecode.swift; path = URLRequest.swift; sourceTree = "<group>"; };
		E2D93C111D87EE8100D50172 /* LoginViewController.swift */ = {isa = PBXFileReference; fileEncoding = 4; lastKnownFileType = sourcecode.swift; path = LoginViewController.swift; sourceTree = "<group>"; };
		E2FAC2801D89187E002BD037 /* Views.playground */ = {isa = PBXFileReference; lastKnownFileType = file.playground; name = Views.playground; path = Playgrounds/Views.playground; sourceTree = SOURCE_ROOT; };
/* End PBXFileReference section */

/* Begin PBXFrameworksBuildPhase section */
		E2D93BD61D87EA8F00D50172 /* Frameworks */ = {
			isa = PBXFrameworksBuildPhase;
			buildActionMask = 2147483647;
			files = (
			);
			runOnlyForDeploymentPostprocessing = 0;
		};
		E2D93BEC1D87EA8F00D50172 /* Frameworks */ = {
			isa = PBXFrameworksBuildPhase;
			buildActionMask = 2147483647;
			files = (
			);
			runOnlyForDeploymentPostprocessing = 0;
		};
		E2D93BF71D87EA9000D50172 /* Frameworks */ = {
			isa = PBXFrameworksBuildPhase;
			buildActionMask = 2147483647;
			files = (
			);
			runOnlyForDeploymentPostprocessing = 0;
		};
/* End PBXFrameworksBuildPhase section */

/* Begin PBXGroup section */
		E237A5221D9275BB00CF5FDF /* data */ = {
			isa = PBXGroup;
			children = (
				E2AB58601D9183C400085FB5 /* Building.swift */,
				E237A5231D92D1C600CF5FDF /* Parsable.swift */,
				E237A5201D9275B600CF5FDF /* NetworkError.swift */,
			);
			name = data;
			sourceTree = "<group>";
		};
		E27F2C091D891CF900CE0578 /* Views */ = {
			isa = PBXGroup;
			children = (
				E27F2C0A1D891D1C00CE0578 /* LoadingButton.xib */,
				E27F2C0C1D891EC600CE0578 /* LoadingButton.swift */,
				E21272F21D89ACDB007A34A6 /* ThreeLabelsTableViewCell.swift */,
				E21272F41D89B186007A34A6 /* BuildingsSearchTableViewCell.swift */,
			);
			name = Views;
			sourceTree = "<group>";
		};
		E2AB58481D9027C200085FB5 /* Operations */ = {
			isa = PBXGroup;
			children = (
				E2AB58591D9076A800085FB5 /* Standard */,
				E2AB585C1D9080C100085FB5 /* CLIPSRequest.swift */,
			);
			name = Operations;
			sourceTree = "<group>";
		};
		E2AB58591D9076A800085FB5 /* Standard */ = {
			isa = PBXGroup;
			children = (
				E2AB58461D9027BD00085FB5 /* Operation.swift */,
				E2AB58491D9036A200085FB5 /* OperationCondition.swift */,
				E2AB584B1D903A8600085FB5 /* OperationErrors.swift */,
				E2AB584D1D903D0D00085FB5 /* OperationObserver.swift */,
				E2AB584F1D90415500085FB5 /* URLSessionTaskOperation.swift */,
				E2AB58511D90440400085FB5 /* OperationQueue.swift */,
				E2AB58531D90451200085FB5 /* BlockObserver.swift */,
				E2AB58551D90498100085FB5 /* MutuallyExclusive.swift */,
				E2AB58571D904A9600085FB5 /* ExclusivityController.swift */,
				E2AB585A1D9076EC00085FB5 /* GroupOperation.swift */,
			);
			name = Standard;
			sourceTree = "<group>";
		};
		E2D93BD01D87EA8F00D50172 = {
			isa = PBXGroup;
			children = (
				E2D93BDB1D87EA8F00D50172 /* CLIPS */,
				E2D93BF21D87EA8F00D50172 /* CLIPSTests */,
				E2D93BFD1D87EA9000D50172 /* CLIPSUITests */,
				E2D93BDA1D87EA8F00D50172 /* Products */,
			);
			sourceTree = "<group>";
		};
		E2D93BDA1D87EA8F00D50172 /* Products */ = {
			isa = PBXGroup;
			children = (
				E2D93BD91D87EA8F00D50172 /* CLIPS.app */,
				E2D93BEF1D87EA8F00D50172 /* CLIPSTests.xctest */,
				E2D93BFA1D87EA9000D50172 /* CLIPSUITests.xctest */,
			);
			name = Products;
			sourceTree = "<group>";
		};
		E2D93BDB1D87EA8F00D50172 /* CLIPS */ = {
			isa = PBXGroup;
			children = (
				E2AB58481D9027C200085FB5 /* Operations */,
				E2FAC2801D89187E002BD037 /* Views.playground */,
				E2D93C131D87EE8700D50172 /* viewcontrollers */,
				E2D93BDC1D87EA8F00D50172 /* AppDelegate.swift */,
				E2D93C101D87EC0400D50172 /* urlrequest */,
				E237A5221D9275BB00CF5FDF /* data */,
				E27875FF1D8B01E70088A01B /* Operations */,
				E2D93BE21D87EA8F00D50172 /* Main.storyboard */,
				E2D93BE51D87EA8F00D50172 /* Assets.xcassets */,
				E2D93BE71D87EA8F00D50172 /* LaunchScreen.storyboard */,
				E2D93BEA1D87EA8F00D50172 /* Info.plist */,
			);
			path = CLIPS;
			sourceTree = "<group>";
		};
		E2D93BF21D87EA8F00D50172 /* CLIPSTests */ = {
			isa = PBXGroup;
			children = (
				E2D93BF31D87EA8F00D50172 /* CLIPSTests.swift */,
				E2D93C0C1D87EBD900D50172 /* URLRequestTest.swift */,
				E22311591D8830400080C459 /* LoginViewControllerTest.swift */,
				E261E81D1D895E0C0068D482 /* LoadingButtonTest.swift */,
				E27875FD1D8AE5260088A01B /* BuildingsViewControllerTest.swift */,
				E2AB585E1D91787300085FB5 /* RequestOperationTest.swift */,
				E2D93BF51D87EA9000D50172 /* Info.plist */,
			);
			path = CLIPSTests;
			sourceTree = "<group>";
		};
		E2D93BFD1D87EA9000D50172 /* CLIPSUITests */ = {
			isa = PBXGroup;
			children = (
				E2D93BFE1D87EA9000D50172 /* CLIPSUITests.swift */,
				E2D93C001D87EA9000D50172 /* Info.plist */,
			);
			path = CLIPSUITests;
			sourceTree = "<group>";
		};
		E2D93C101D87EC0400D50172 /* urlrequest */ = {
			isa = PBXGroup;
			children = (
				E2D93C0E1D87EBFC00D50172 /* URLRequest.swift */,
			);
			name = urlrequest;
			sourceTree = "<group>";
		};
		E2D93C131D87EE8700D50172 /* viewcontrollers */ = {
			isa = PBXGroup;
			children = (
				E2D93C111D87EE8100D50172 /* LoginViewController.swift */,
				E21272EE1D89AADA007A34A6 /* BuildingsViewController.swift */,
				E21272F01D89AB77007A34A6 /* ThreeLabelsDisplayable.swift */,
				E27F2C091D891CF900CE0578 /* Views */,
			);
			name = viewcontrollers;
			sourceTree = "<group>";
		};
/* End PBXGroup section */

/* Begin PBXNativeTarget section */
		E2D93BD81D87EA8F00D50172 /* CLIPS */ = {
			isa = PBXNativeTarget;
			buildConfigurationList = E2D93C031D87EA9000D50172 /* Build configuration list for PBXNativeTarget "CLIPS" */;
			buildPhases = (
				E2D93BD51D87EA8F00D50172 /* Sources */,
				E2D93BD61D87EA8F00D50172 /* Frameworks */,
				E2D93BD71D87EA8F00D50172 /* Resources */,
			);
			buildRules = (
			);
			dependencies = (
			);
			name = CLIPS;
			productName = CLIPS;
			productReference = E2D93BD91D87EA8F00D50172 /* CLIPS.app */;
			productType = "com.apple.product-type.application";
		};
		E2D93BEE1D87EA8F00D50172 /* CLIPSTests */ = {
			isa = PBXNativeTarget;
			buildConfigurationList = E2D93C061D87EA9000D50172 /* Build configuration list for PBXNativeTarget "CLIPSTests" */;
			buildPhases = (
				E2D93BEB1D87EA8F00D50172 /* Sources */,
				E2D93BEC1D87EA8F00D50172 /* Frameworks */,
				E2D93BED1D87EA8F00D50172 /* Resources */,
			);
			buildRules = (
			);
			dependencies = (
				E2D93BF11D87EA8F00D50172 /* PBXTargetDependency */,
			);
			name = CLIPSTests;
			productName = CLIPSTests;
			productReference = E2D93BEF1D87EA8F00D50172 /* CLIPSTests.xctest */;
			productType = "com.apple.product-type.bundle.unit-test";
		};
		E2D93BF91D87EA9000D50172 /* CLIPSUITests */ = {
			isa = PBXNativeTarget;
			buildConfigurationList = E2D93C091D87EA9000D50172 /* Build configuration list for PBXNativeTarget "CLIPSUITests" */;
			buildPhases = (
				E2D93BF61D87EA9000D50172 /* Sources */,
				E2D93BF71D87EA9000D50172 /* Frameworks */,
				E2D93BF81D87EA9000D50172 /* Resources */,
			);
			buildRules = (
			);
			dependencies = (
				E2D93BFC1D87EA9000D50172 /* PBXTargetDependency */,
			);
			name = CLIPSUITests;
			productName = CLIPSUITests;
			productReference = E2D93BFA1D87EA9000D50172 /* CLIPSUITests.xctest */;
			productType = "com.apple.product-type.bundle.ui-testing";
		};
/* End PBXNativeTarget section */

/* Begin PBXProject section */
		E2D93BD11D87EA8F00D50172 /* Project object */ = {
			isa = PBXProject;
			attributes = {
				LastSwiftUpdateCheck = 0800;
				LastUpgradeCheck = 0800;
				ORGANIZATIONNAME = "Beacon Strips";
				TargetAttributes = {
					E2D93BD81D87EA8F00D50172 = {
						CreatedOnToolsVersion = 8.0;
						DevelopmentTeam = LK9NVQME34;
						ProvisioningStyle = Automatic;
					};
					E2D93BEE1D87EA8F00D50172 = {
						CreatedOnToolsVersion = 8.0;
						DevelopmentTeam = LK9NVQME34;
						ProvisioningStyle = Automatic;
						TestTargetID = E2D93BD81D87EA8F00D50172;
					};
					E2D93BF91D87EA9000D50172 = {
						CreatedOnToolsVersion = 8.0;
						DevelopmentTeam = LK9NVQME34;
						ProvisioningStyle = Automatic;
						TestTargetID = E2D93BD81D87EA8F00D50172;
					};
				};
			};
			buildConfigurationList = E2D93BD41D87EA8F00D50172 /* Build configuration list for PBXProject "CLIPS" */;
			compatibilityVersion = "Xcode 3.2";
			developmentRegion = English;
			hasScannedForEncodings = 0;
			knownRegions = (
				en,
				Base,
			);
			mainGroup = E2D93BD01D87EA8F00D50172;
			productRefGroup = E2D93BDA1D87EA8F00D50172 /* Products */;
			projectDirPath = "";
			projectRoot = "";
			targets = (
				E2D93BD81D87EA8F00D50172 /* CLIPS */,
				E2D93BEE1D87EA8F00D50172 /* CLIPSTests */,
				E2D93BF91D87EA9000D50172 /* CLIPSUITests */,
			);
		};
/* End PBXProject section */

/* Begin PBXResourcesBuildPhase section */
		E2D93BD71D87EA8F00D50172 /* Resources */ = {
			isa = PBXResourcesBuildPhase;
			buildActionMask = 2147483647;
			files = (
				E27F2C0B1D891D1C00CE0578 /* LoadingButton.xib in Resources */,
				E2D93BE91D87EA8F00D50172 /* LaunchScreen.storyboard in Resources */,
				E2D93BE61D87EA8F00D50172 /* Assets.xcassets in Resources */,
				E2D93BE41D87EA8F00D50172 /* Main.storyboard in Resources */,
			);
			runOnlyForDeploymentPostprocessing = 0;
		};
		E2D93BED1D87EA8F00D50172 /* Resources */ = {
			isa = PBXResourcesBuildPhase;
			buildActionMask = 2147483647;
			files = (
			);
			runOnlyForDeploymentPostprocessing = 0;
		};
		E2D93BF81D87EA9000D50172 /* Resources */ = {
			isa = PBXResourcesBuildPhase;
			buildActionMask = 2147483647;
			files = (
			);
			runOnlyForDeploymentPostprocessing = 0;
		};
/* End PBXResourcesBuildPhase section */

/* Begin PBXSourcesBuildPhase section */
		E2D93BD51D87EA8F00D50172 /* Sources */ = {
			isa = PBXSourcesBuildPhase;
			buildActionMask = 2147483647;
			files = (
				E21272F11D89AB77007A34A6 /* ThreeLabelsDisplayable.swift in Sources */,
				E2AB584C1D903A8600085FB5 /* OperationErrors.swift in Sources */,
				E27F2C0D1D891EC600CE0578 /* LoadingButton.swift in Sources */,
				E2AB58501D90415500085FB5 /* URLSessionTaskOperation.swift in Sources */,
				E2D93BDD1D87EA8F00D50172 /* AppDelegate.swift in Sources */,
				E21272F51D89B186007A34A6 /* BuildingsSearchTableViewCell.swift in Sources */,
				E2D93C121D87EE8100D50172 /* LoginViewController.swift in Sources */,
				E2AB58611D9183C400085FB5 /* Building.swift in Sources */,
				E2AB58561D90498100085FB5 /* MutuallyExclusive.swift in Sources */,
				E2AB58521D90440400085FB5 /* OperationQueue.swift in Sources */,
				E21272EF1D89AADB007A34A6 /* BuildingsViewController.swift in Sources */,
				E2D93C0F1D87EBFC00D50172 /* URLRequest.swift in Sources */,
				E2AB58581D904A9600085FB5 /* ExclusivityController.swift in Sources */,
				E2AB58471D9027BD00085FB5 /* Operation.swift in Sources */,
				E2AB585D1D9080C100085FB5 /* CLIPSRequest.swift in Sources */,
				E237A5211D9275B600CF5FDF /* NetworkError.swift in Sources */,
				E2AB585B1D9076EC00085FB5 /* GroupOperation.swift in Sources */,
				E237A5241D92D1C600CF5FDF /* Parsable.swift in Sources */,
				E21272F31D89ACDB007A34A6 /* ThreeLabelsTableViewCell.swift in Sources */,
				E2AB584A1D9036A200085FB5 /* OperationCondition.swift in Sources */,
				E2AB584E1D903D0D00085FB5 /* OperationObserver.swift in Sources */,
				E2AB58541D90451200085FB5 /* BlockObserver.swift in Sources */,
			);
			runOnlyForDeploymentPostprocessing = 0;
		};
		E2D93BEB1D87EA8F00D50172 /* Sources */ = {
			isa = PBXSourcesBuildPhase;
			buildActionMask = 2147483647;
			files = (
				E261E81E1D895E0C0068D482 /* LoadingButtonTest.swift in Sources */,
				E2AB585F1D91787300085FB5 /* RequestOperationTest.swift in Sources */,
				E223115A1D8830400080C459 /* LoginViewControllerTest.swift in Sources */,
				E27875FE1D8AE5260088A01B /* BuildingsViewControllerTest.swift in Sources */,
				E2D93BF41D87EA8F00D50172 /* CLIPSTests.swift in Sources */,
				E2D93C0D1D87EBD900D50172 /* URLRequestTest.swift in Sources */,
			);
			runOnlyForDeploymentPostprocessing = 0;
		};
		E2D93BF61D87EA9000D50172 /* Sources */ = {
			isa = PBXSourcesBuildPhase;
			buildActionMask = 2147483647;
			files = (
				E2D93BFF1D87EA9000D50172 /* CLIPSUITests.swift in Sources */,
			);
			runOnlyForDeploymentPostprocessing = 0;
		};
/* End PBXSourcesBuildPhase section */

/* Begin PBXTargetDependency section */
		E2D93BF11D87EA8F00D50172 /* PBXTargetDependency */ = {
			isa = PBXTargetDependency;
			target = E2D93BD81D87EA8F00D50172 /* CLIPS */;
			targetProxy = E2D93BF01D87EA8F00D50172 /* PBXContainerItemProxy */;
		};
		E2D93BFC1D87EA9000D50172 /* PBXTargetDependency */ = {
			isa = PBXTargetDependency;
			target = E2D93BD81D87EA8F00D50172 /* CLIPS */;
			targetProxy = E2D93BFB1D87EA9000D50172 /* PBXContainerItemProxy */;
		};
/* End PBXTargetDependency section */

/* Begin PBXVariantGroup section */
		E2D93BE21D87EA8F00D50172 /* Main.storyboard */ = {
			isa = PBXVariantGroup;
			children = (
				E2D93BE31D87EA8F00D50172 /* Base */,
			);
			name = Main.storyboard;
			sourceTree = "<group>";
		};
		E2D93BE71D87EA8F00D50172 /* LaunchScreen.storyboard */ = {
			isa = PBXVariantGroup;
			children = (
				E2D93BE81D87EA8F00D50172 /* Base */,
			);
			name = LaunchScreen.storyboard;
			sourceTree = "<group>";
		};
/* End PBXVariantGroup section */

/* Begin XCBuildConfiguration section */
		E2D93C011D87EA9000D50172 /* Debug */ = {
			isa = XCBuildConfiguration;
			buildSettings = {
				ALWAYS_SEARCH_USER_PATHS = NO;
				CLANG_ANALYZER_NONNULL = YES;
				CLANG_CXX_LANGUAGE_STANDARD = "gnu++0x";
				CLANG_CXX_LIBRARY = "libc++";
				CLANG_ENABLE_MODULES = YES;
				CLANG_ENABLE_OBJC_ARC = YES;
				CLANG_WARN_BOOL_CONVERSION = YES;
				CLANG_WARN_CONSTANT_CONVERSION = YES;
				CLANG_WARN_DIRECT_OBJC_ISA_USAGE = YES_ERROR;
				CLANG_WARN_DOCUMENTATION_COMMENTS = YES;
				CLANG_WARN_EMPTY_BODY = YES;
				CLANG_WARN_ENUM_CONVERSION = YES;
				CLANG_WARN_INFINITE_RECURSION = YES;
				CLANG_WARN_INT_CONVERSION = YES;
				CLANG_WARN_OBJC_ROOT_CLASS = YES_ERROR;
				CLANG_WARN_SUSPICIOUS_MOVES = YES;
				CLANG_WARN_UNREACHABLE_CODE = YES;
				CLANG_WARN__DUPLICATE_METHOD_MATCH = YES;
				"CODE_SIGN_IDENTITY[sdk=iphoneos*]" = "iPhone Developer";
				COPY_PHASE_STRIP = NO;
				DEBUG_INFORMATION_FORMAT = dwarf;
				ENABLE_STRICT_OBJC_MSGSEND = YES;
				ENABLE_TESTABILITY = YES;
				GCC_C_LANGUAGE_STANDARD = gnu99;
				GCC_DYNAMIC_NO_PIC = NO;
				GCC_NO_COMMON_BLOCKS = YES;
				GCC_OPTIMIZATION_LEVEL = 0;
				GCC_PREPROCESSOR_DEFINITIONS = (
					"DEBUG=1",
					"$(inherited)",
				);
				GCC_WARN_64_TO_32_BIT_CONVERSION = YES;
				GCC_WARN_ABOUT_RETURN_TYPE = YES_ERROR;
				GCC_WARN_UNDECLARED_SELECTOR = YES;
				GCC_WARN_UNINITIALIZED_AUTOS = YES_AGGRESSIVE;
				GCC_WARN_UNUSED_FUNCTION = YES;
				GCC_WARN_UNUSED_VARIABLE = YES;
				IPHONEOS_DEPLOYMENT_TARGET = 10.0;
				MTL_ENABLE_DEBUG_INFO = YES;
				ONLY_ACTIVE_ARCH = YES;
				SDKROOT = iphoneos;
				SWIFT_ACTIVE_COMPILATION_CONDITIONS = DEBUG;
				SWIFT_OPTIMIZATION_LEVEL = "-Onone";
				TARGETED_DEVICE_FAMILY = "1,2";
			};
			name = Debug;
		};
		E2D93C021D87EA9000D50172 /* Release */ = {
			isa = XCBuildConfiguration;
			buildSettings = {
				ALWAYS_SEARCH_USER_PATHS = NO;
				CLANG_ANALYZER_NONNULL = YES;
				CLANG_CXX_LANGUAGE_STANDARD = "gnu++0x";
				CLANG_CXX_LIBRARY = "libc++";
				CLANG_ENABLE_MODULES = YES;
				CLANG_ENABLE_OBJC_ARC = YES;
				CLANG_WARN_BOOL_CONVERSION = YES;
				CLANG_WARN_CONSTANT_CONVERSION = YES;
				CLANG_WARN_DIRECT_OBJC_ISA_USAGE = YES_ERROR;
				CLANG_WARN_DOCUMENTATION_COMMENTS = YES;
				CLANG_WARN_EMPTY_BODY = YES;
				CLANG_WARN_ENUM_CONVERSION = YES;
				CLANG_WARN_INFINITE_RECURSION = YES;
				CLANG_WARN_INT_CONVERSION = YES;
				CLANG_WARN_OBJC_ROOT_CLASS = YES_ERROR;
				CLANG_WARN_SUSPICIOUS_MOVES = YES;
				CLANG_WARN_UNREACHABLE_CODE = YES;
				CLANG_WARN__DUPLICATE_METHOD_MATCH = YES;
				"CODE_SIGN_IDENTITY[sdk=iphoneos*]" = "iPhone Developer";
				COPY_PHASE_STRIP = NO;
				DEBUG_INFORMATION_FORMAT = "dwarf-with-dsym";
				ENABLE_NS_ASSERTIONS = NO;
				ENABLE_STRICT_OBJC_MSGSEND = YES;
				GCC_C_LANGUAGE_STANDARD = gnu99;
				GCC_NO_COMMON_BLOCKS = YES;
				GCC_WARN_64_TO_32_BIT_CONVERSION = YES;
				GCC_WARN_ABOUT_RETURN_TYPE = YES_ERROR;
				GCC_WARN_UNDECLARED_SELECTOR = YES;
				GCC_WARN_UNINITIALIZED_AUTOS = YES_AGGRESSIVE;
				GCC_WARN_UNUSED_FUNCTION = YES;
				GCC_WARN_UNUSED_VARIABLE = YES;
				IPHONEOS_DEPLOYMENT_TARGET = 10.0;
				MTL_ENABLE_DEBUG_INFO = NO;
				SDKROOT = iphoneos;
				SWIFT_OPTIMIZATION_LEVEL = "-Owholemodule";
				TARGETED_DEVICE_FAMILY = "1,2";
				VALIDATE_PRODUCT = YES;
			};
			name = Release;
		};
		E2D93C041D87EA9000D50172 /* Debug */ = {
			isa = XCBuildConfiguration;
			buildSettings = {
				ASSETCATALOG_COMPILER_APPICON_NAME = AppIcon;
				DEVELOPMENT_TEAM = LK9NVQME34;
				INFOPLIST_FILE = CLIPS/Info.plist;
				LD_RUNPATH_SEARCH_PATHS = "$(inherited) @executable_path/Frameworks";
				PRODUCT_BUNDLE_IDENTIFIER = com.beaconstrips.CLIPS;
				PRODUCT_NAME = "$(TARGET_NAME)";
				SWIFT_VERSION = 3.0;
			};
			name = Debug;
		};
		E2D93C051D87EA9000D50172 /* Release */ = {
			isa = XCBuildConfiguration;
			buildSettings = {
				ASSETCATALOG_COMPILER_APPICON_NAME = AppIcon;
				DEVELOPMENT_TEAM = LK9NVQME34;
				INFOPLIST_FILE = CLIPS/Info.plist;
				LD_RUNPATH_SEARCH_PATHS = "$(inherited) @executable_path/Frameworks";
				PRODUCT_BUNDLE_IDENTIFIER = com.beaconstrips.CLIPS;
				PRODUCT_NAME = "$(TARGET_NAME)";
				SWIFT_VERSION = 3.0;
			};
			name = Release;
		};
		E2D93C071D87EA9000D50172 /* Debug */ = {
			isa = XCBuildConfiguration;
			buildSettings = {
				ALWAYS_EMBED_SWIFT_STANDARD_LIBRARIES = YES;
				BUNDLE_LOADER = "$(TEST_HOST)";
				DEVELOPMENT_TEAM = LK9NVQME34;
				INFOPLIST_FILE = CLIPSTests/Info.plist;
				LD_RUNPATH_SEARCH_PATHS = "$(inherited) @executable_path/Frameworks @loader_path/Frameworks";
				PRODUCT_BUNDLE_IDENTIFIER = com.beaconstrips.CLIPSTests;
				PRODUCT_NAME = "$(TARGET_NAME)";
				SWIFT_VERSION = 3.0;
				TEST_HOST = "$(BUILT_PRODUCTS_DIR)/CLIPS.app/CLIPS";
			};
			name = Debug;
		};
		E2D93C081D87EA9000D50172 /* Release */ = {
			isa = XCBuildConfiguration;
			buildSettings = {
				ALWAYS_EMBED_SWIFT_STANDARD_LIBRARIES = YES;
				BUNDLE_LOADER = "$(TEST_HOST)";
				DEVELOPMENT_TEAM = LK9NVQME34;
				INFOPLIST_FILE = CLIPSTests/Info.plist;
				LD_RUNPATH_SEARCH_PATHS = "$(inherited) @executable_path/Frameworks @loader_path/Frameworks";
				PRODUCT_BUNDLE_IDENTIFIER = com.beaconstrips.CLIPSTests;
				PRODUCT_NAME = "$(TARGET_NAME)";
				SWIFT_VERSION = 3.0;
				TEST_HOST = "$(BUILT_PRODUCTS_DIR)/CLIPS.app/CLIPS";
			};
			name = Release;
		};
		E2D93C0A1D87EA9000D50172 /* Debug */ = {
			isa = XCBuildConfiguration;
			buildSettings = {
				ALWAYS_EMBED_SWIFT_STANDARD_LIBRARIES = YES;
				DEVELOPMENT_TEAM = LK9NVQME34;
				INFOPLIST_FILE = CLIPSUITests/Info.plist;
				LD_RUNPATH_SEARCH_PATHS = "$(inherited) @executable_path/Frameworks @loader_path/Frameworks";
				PRODUCT_BUNDLE_IDENTIFIER = com.beaconstrips.CLIPSUITests;
				PRODUCT_NAME = "$(TARGET_NAME)";
				SWIFT_VERSION = 3.0;
				TEST_TARGET_NAME = CLIPS;
			};
			name = Debug;
		};
		E2D93C0B1D87EA9000D50172 /* Release */ = {
			isa = XCBuildConfiguration;
			buildSettings = {
				ALWAYS_EMBED_SWIFT_STANDARD_LIBRARIES = YES;
				DEVELOPMENT_TEAM = LK9NVQME34;
				INFOPLIST_FILE = CLIPSUITests/Info.plist;
				LD_RUNPATH_SEARCH_PATHS = "$(inherited) @executable_path/Frameworks @loader_path/Frameworks";
				PRODUCT_BUNDLE_IDENTIFIER = com.beaconstrips.CLIPSUITests;
				PRODUCT_NAME = "$(TARGET_NAME)";
				SWIFT_VERSION = 3.0;
				TEST_TARGET_NAME = CLIPS;
			};
			name = Release;
		};
/* End XCBuildConfiguration section */

/* Begin XCConfigurationList section */
		E2D93BD41D87EA8F00D50172 /* Build configuration list for PBXProject "CLIPS" */ = {
			isa = XCConfigurationList;
			buildConfigurations = (
				E2D93C011D87EA9000D50172 /* Debug */,
				E2D93C021D87EA9000D50172 /* Release */,
			);
			defaultConfigurationIsVisible = 0;
			defaultConfigurationName = Release;
		};
		E2D93C031D87EA9000D50172 /* Build configuration list for PBXNativeTarget "CLIPS" */ = {
			isa = XCConfigurationList;
			buildConfigurations = (
				E2D93C041D87EA9000D50172 /* Debug */,
				E2D93C051D87EA9000D50172 /* Release */,
			);
			defaultConfigurationIsVisible = 0;
			defaultConfigurationName = Release;
		};
		E2D93C061D87EA9000D50172 /* Build configuration list for PBXNativeTarget "CLIPSTests" */ = {
			isa = XCConfigurationList;
			buildConfigurations = (
				E2D93C071D87EA9000D50172 /* Debug */,
				E2D93C081D87EA9000D50172 /* Release */,
			);
			defaultConfigurationIsVisible = 0;
			defaultConfigurationName = Release;
		};
		E2D93C091D87EA9000D50172 /* Build configuration list for PBXNativeTarget "CLIPSUITests" */ = {
			isa = XCConfigurationList;
			buildConfigurations = (
				E2D93C0A1D87EA9000D50172 /* Debug */,
				E2D93C0B1D87EA9000D50172 /* Release */,
			);
			defaultConfigurationIsVisible = 0;
			defaultConfigurationName = Release;
		};
/* End XCConfigurationList section */
	};
	rootObject = E2D93BD11D87EA8F00D50172 /* Project object */;
}
